{
    "_readme": [
        "This file locks the dependencies of your project to a known state",
        "Read more about it at https://getcomposer.org/doc/01-basic-usage.md#installing-dependencies",
        "This file is @generated automatically"
    ],
    "content-hash": "61a73caaadd9abf296c2ecfd03fd18c1",
    "packages": [
        {
            "name": "elusivedocks/dispatcher",
            "version": "dev-experiment",
            "source": {
                "type": "git",
                "url": "https://github.com/ElusiveDocks/Dispatcher.git",
                "reference": "df83c83e5935642bb840374b3d43d8c7b8314f93"
            },
            "dist": {
                "type": "zip",
                "url": "https://api.github.com/repos/ElusiveDocks/Dispatcher/zipball/df83c83e5935642bb840374b3d43d8c7b8314f93",
                "reference": "df83c83e5935642bb840374b3d43d8c7b8314f93",
                "shasum": ""
            },
            "require": {
                "php": "~7.2"
            },
            "require-dev": {
                "phpunit/phpunit": "~7.3"
            },
            "type": "library",
            "autoload": {
                "psr-4": {
                    "ElusiveDocks\\Dispatcher\\": "\\"
                }
            },
            "license": [
                "MIT"
            ],
            "authors": [
                {
                    "name": "Gerd Christian Kunze",
                    "email": "gerdchristian.kunze@googlemail.com"
                }
            ],
            "description": "indescribable",
            "support": {
                "source": "https://github.com/ElusiveDocks/Dispatcher/tree/experiment",
                "issues": "https://github.com/ElusiveDocks/Dispatcher/issues"
            },
            "time": "2018-09-03T16:44:40+00:00"
        },
        {
            "name": "elusivedocks/reporter",
            "version": "dev-experiment",
            "source": {
                "type": "git",
                "url": "https://github.com/ElusiveDocks/Reporter.git",
                "reference": "ba98223be18af8c3069068b89c55750f12dd4532"
            },
            "dist": {
                "type": "zip",
                "url": "https://api.github.com/repos/ElusiveDocks/Reporter/zipball/ba98223be18af8c3069068b89c55750f12dd4532",
                "reference": "ba98223be18af8c3069068b89c55750f12dd4532",
                "shasum": ""
            },
            "require": {
                "filp/whoops": "~2.2",
                "php": "~7.2"
            },
            "require-dev": {
                "phpunit/phpunit": "~7.3"
            },
            "type": "library",
            "autoload": {
                "psr-4": {
                    "ElusiveDocks\\Reporter\\": "\\"
                }
            },
            "license": [
                "MIT"
            ],
            "authors": [
                {
                    "name": "Gerd Christian Kunze",
                    "email": "gerdchristian.kunze@googlemail.com"
                }
            ],
            "description": "indescribable",
            "support": {
                "source": "https://github.com/ElusiveDocks/Reporter/tree/experiment",
                "issues": "https://github.com/ElusiveDocks/Reporter/issues"
            },
            "time": "2018-09-03T18:20:56+00:00"
        },
        {
            "name": "elusivedocks/router",
            "version": "dev-experiment",
            "source": {
                "type": "git",
                "url": "https://github.com/ElusiveDocks/Router.git",
                "reference": "44fce92284d8ae9f8dd06d73ca6e0c57937333ec"
            },
            "dist": {
                "type": "zip",
                "url": "https://api.github.com/repos/ElusiveDocks/Router/zipball/44fce92284d8ae9f8dd06d73ca6e0c57937333ec",
                "reference": "44fce92284d8ae9f8dd06d73ca6e0c57937333ec",
                "shasum": ""
            },
            "require": {
                "elusivedocks/dispatcher": "dev-experiment",
                "php": "~7.2",
                "symfony/http-foundation": "~4.1",
                "symfony/routing": "~4.1"
            },
            "require-dev": {
                "phpunit/phpunit": "~7.3"
            },
            "type": "library",
            "autoload": {
                "psr-4": {
                    "ElusiveDocks\\Router\\": "\\"
                }
            },
            "license": [
                "MIT"
            ],
            "authors": [
                {
                    "name": "Gerd Christian Kunze",
                    "email": "gerdchristian.kunze@googlemail.com"
                }
            ],
            "description": "indescribable",
            "support": {
                "source": "https://github.com/ElusiveDocks/Router/tree/experiment",
                "issues": "https://github.com/ElusiveDocks/Router/issues"
            },
            "time": "2018-09-03T18:11:45+00:00"
        },
        {
            "name": "filp/whoops",
            "version": "2.2.0",
            "source": {
                "type": "git",
                "url": "https://github.com/filp/whoops.git",
                "reference": "181c4502d8f34db7aed7bfe88d4f87875b8e947a"
            },
            "dist": {
                "type": "zip",
                "url": "https://api.github.com/repos/filp/whoops/zipball/181c4502d8f34db7aed7bfe88d4f87875b8e947a",
                "reference": "181c4502d8f34db7aed7bfe88d4f87875b8e947a",
                "shasum": ""
            },
            "require": {
                "php": "^5.5.9 || ^7.0",
                "psr/log": "^1.0.1"
            },
            "require-dev": {
                "mockery/mockery": "^0.9 || ^1.0",
                "phpunit/phpunit": "^4.8.35 || ^5.7",
                "symfony/var-dumper": "^2.6 || ^3.0 || ^4.0"
            },
            "suggest": {
                "symfony/var-dumper": "Pretty print complex values better with var-dumper available",
                "whoops/soap": "Formats errors as SOAP responses"
            },
            "type": "library",
            "extra": {
                "branch-alias": {
                    "dev-master": "2.1-dev"
                }
            },
            "autoload": {
                "psr-4": {
                    "Whoops\\": "src/Whoops/"
                }
            },
            "notification-url": "https://packagist.org/downloads/",
            "license": [
                "MIT"
            ],
            "authors": [
                {
                    "name": "Filipe Dobreira",
                    "homepage": "https://github.com/filp",
                    "role": "Developer"
                }
            ],
            "description": "php error handling for cool kids",
            "homepage": "https://filp.github.io/whoops/",
            "keywords": [
                "error",
                "exception",
                "handling",
                "library",
                "throwable",
                "whoops"
            ],
            "time": "2018-03-03T17:56:25+00:00"
        },
        {
            "name": "psr/log",
            "version": "1.0.2",
            "source": {
                "type": "git",
                "url": "https://github.com/php-fig/log.git",
                "reference": "4ebe3a8bf773a19edfe0a84b6585ba3d401b724d"
            },
            "dist": {
                "type": "zip",
                "url": "https://api.github.com/repos/php-fig/log/zipball/4ebe3a8bf773a19edfe0a84b6585ba3d401b724d",
                "reference": "4ebe3a8bf773a19edfe0a84b6585ba3d401b724d",
                "shasum": ""
            },
            "require": {
                "php": ">=5.3.0"
            },
            "type": "library",
            "extra": {
                "branch-alias": {
                    "dev-master": "1.0.x-dev"
                }
            },
            "autoload": {
                "psr-4": {
                    "Psr\\Log\\": "Psr/Log/"
                }
            },
            "notification-url": "https://packagist.org/downloads/",
            "license": [
                "MIT"
            ],
            "authors": [
                {
                    "name": "PHP-FIG",
                    "homepage": "http://www.php-fig.org/"
                }
            ],
            "description": "Common interface for logging libraries",
            "homepage": "https://github.com/php-fig/log",
            "keywords": [
                "log",
                "psr",
                "psr-3"
            ],
            "time": "2016-10-10T12:19:37+00:00"
        },
        {
            "name": "symfony/http-foundation",
            "version": "v4.1.4",
            "source": {
                "type": "git",
                "url": "https://github.com/symfony/http-foundation.git",
                "reference": "3a5c91e133b220bb882b3cd773ba91bf39989345"
            },
            "dist": {
                "type": "zip",
                "url": "https://api.github.com/repos/symfony/http-foundation/zipball/3a5c91e133b220bb882b3cd773ba91bf39989345",
                "reference": "3a5c91e133b220bb882b3cd773ba91bf39989345",
                "shasum": ""
            },
            "require": {
                "php": "^7.1.3",
                "symfony/polyfill-mbstring": "~1.1"
            },
            "require-dev": {
                "predis/predis": "~1.0",
                "symfony/expression-language": "~3.4|~4.0"
            },
            "type": "library",
            "extra": {
                "branch-alias": {
                    "dev-master": "4.1-dev"
                }
            },
            "autoload": {
                "psr-4": {
                    "Symfony\\Component\\HttpFoundation\\": ""
                },
                "exclude-from-classmap": [
                    "/Tests/"
                ]
            },
            "notification-url": "https://packagist.org/downloads/",
            "license": [
                "MIT"
            ],
            "authors": [
                {
                    "name": "Fabien Potencier",
                    "email": "fabien@symfony.com"
                },
                {
                    "name": "Symfony Community",
                    "homepage": "https://symfony.com/contributors"
                }
            ],
            "description": "Symfony HttpFoundation Component",
            "homepage": "https://symfony.com",
            "time": "2018-08-27T17:47:02+00:00"
        },
        {
            "name": "symfony/polyfill-mbstring",
            "version": "v1.9.0",
            "source": {
                "type": "git",
                "url": "https://github.com/symfony/polyfill-mbstring.git",
                "reference": "d0cd638f4634c16d8df4508e847f14e9e43168b8"
            },
            "dist": {
                "type": "zip",
                "url": "https://api.github.com/repos/symfony/polyfill-mbstring/zipball/d0cd638f4634c16d8df4508e847f14e9e43168b8",
                "reference": "d0cd638f4634c16d8df4508e847f14e9e43168b8",
                "shasum": ""
            },
            "require": {
                "php": ">=5.3.3"
            },
            "suggest": {
                "ext-mbstring": "For best performance"
            },
            "type": "library",
            "extra": {
                "branch-alias": {
                    "dev-master": "1.9-dev"
                }
            },
            "autoload": {
                "psr-4": {
                    "Symfony\\Polyfill\\Mbstring\\": ""
                },
                "files": [
                    "bootstrap.php"
                ]
            },
            "notification-url": "https://packagist.org/downloads/",
            "license": [
                "MIT"
            ],
            "authors": [
                {
                    "name": "Nicolas Grekas",
                    "email": "p@tchwork.com"
                },
                {
                    "name": "Symfony Community",
                    "homepage": "https://symfony.com/contributors"
                }
            ],
            "description": "Symfony polyfill for the Mbstring extension",
            "homepage": "https://symfony.com",
            "keywords": [
                "compatibility",
                "mbstring",
                "polyfill",
                "portable",
                "shim"
            ],
            "time": "2018-08-06T14:22:27+00:00"
        },
        {
            "name": "symfony/routing",
            "version": "v4.1.4",
            "source": {
                "type": "git",
                "url": "https://github.com/symfony/routing.git",
                "reference": "a5784c2ec4168018c87b38f0e4f39d2278499f51"
            },
            "dist": {
                "type": "zip",
                "url": "https://api.github.com/repos/symfony/routing/zipball/a5784c2ec4168018c87b38f0e4f39d2278499f51",
                "reference": "a5784c2ec4168018c87b38f0e4f39d2278499f51",
                "shasum": ""
            },
            "require": {
                "php": "^7.1.3"
            },
            "conflict": {
                "symfony/config": "<3.4",
                "symfony/dependency-injection": "<3.4",
                "symfony/yaml": "<3.4"
            },
            "require-dev": {
                "doctrine/annotations": "~1.0",
                "psr/log": "~1.0",
                "symfony/config": "~3.4|~4.0",
                "symfony/dependency-injection": "~3.4|~4.0",
                "symfony/expression-language": "~3.4|~4.0",
                "symfony/http-foundation": "~3.4|~4.0",
                "symfony/yaml": "~3.4|~4.0"
            },
            "suggest": {
                "doctrine/annotations": "For using the annotation loader",
                "symfony/config": "For using the all-in-one router or any loader",
                "symfony/dependency-injection": "For loading routes from a service",
                "symfony/expression-language": "For using expression matching",
                "symfony/http-foundation": "For using a Symfony Request object",
                "symfony/yaml": "For using the YAML loader"
            },
            "type": "library",
            "extra": {
                "branch-alias": {
                    "dev-master": "4.1-dev"
                }
            },
            "autoload": {
                "psr-4": {
                    "Symfony\\Component\\Routing\\": ""
                },
                "exclude-from-classmap": [
                    "/Tests/"
                ]
            },
            "notification-url": "https://packagist.org/downloads/",
            "license": [
                "MIT"
            ],
            "authors": [
                {
                    "name": "Fabien Potencier",
                    "email": "fabien@symfony.com"
                },
                {
                    "name": "Symfony Community",
                    "homepage": "https://symfony.com/contributors"
                }
            ],
            "description": "Symfony Routing Component",
            "homepage": "https://symfony.com",
            "keywords": [
                "router",
                "routing",
                "uri",
                "url"
            ],
            "time": "2018-08-03T07:58:40+00:00"
        }
    ],
    "packages-dev": [],
    "aliases": [],
    "minimum-stability": "stable",
    "stability-flags": {
        "elusivedocks/router": 20,
        "elusivedocks/dispatcher": 20,
        "elusivedocks/reporter": 20
    },
    "prefer-stable": true,
    "prefer-lowest": false,
    "platform": {
        "php": "~7.2"
    },
    "platform-dev": []
}
